// !$*UTF8*$!
{
	archiveVersion = 1;
	classes = {
	};
	objectVersion = 46;
	objects = {

/* Begin PBXBuildFile section */
		F763C4161CE9B07E00BFACC1 /* DZiOSPush.m in Sources */ = {isa = PBXBuildFile; fileRef = F763C4151CE9B07E00BFACC1 /* DZiOSPush.m */; };
		F763C41E1CE9B10400BFACC1 /* DZAppHandler.m in Sources */ = {isa = PBXBuildFile; fileRef = F763C41D1CE9B10400BFACC1 /* DZAppHandler.m */; };
/* End PBXBuildFile section */

/* Begin PBXCopyFilesBuildPhase section */
		F763C4061CE9B02100BFACC1 /* CopyFiles */ = {
			isa = PBXCopyFilesBuildPhase;
			buildActionMask = 2147483647;
			dstPath = "include/$(PRODUCT_NAME)";
			dstSubfolderSpec = 16;
			files = (
			);
			runOnlyForDeploymentPostprocessing = 0;
		};
/* End PBXCopyFilesBuildPhase section */

/* Begin PBXFileReference section */
		F763C4081CE9B02100BFACC1 /* libDZiOSPush.a */ = {isa = PBXFileReference; explicitFileType = archive.ar; includeInIndex = 0; path = libDZiOSPush.a; sourceTree = BUILT_PRODUCTS_DIR; };
		F763C4141CE9B07E00BFACC1 /* DZiOSPush.h */ = {isa = PBXFileReference; fileEncoding = 4; lastKnownFileType = sourcecode.c.h; path = DZiOSPush.h; sourceTree = "<group>"; };
		F763C4151CE9B07E00BFACC1 /* DZiOSPush.m */ = {isa = PBXFileReference; fileEncoding = 4; lastKnownFileType = sourcecode.c.objc; path = DZiOSPush.m; sourceTree = "<group>"; };
		F763C4181CE9B0EB00BFACC1 /* NSDictionaryUtils.h */ = {isa = PBXFileReference; fileEncoding = 4; lastKnownFileType = sourcecode.c.h; path = NSDictionaryUtils.h; sourceTree = "<group>"; };
		F763C4191CE9B0EB00BFACC1 /* UZAppDelegate.h */ = {isa = PBXFileReference; fileEncoding = 4; lastKnownFileType = sourcecode.c.h; path = UZAppDelegate.h; sourceTree = "<group>"; };
		F763C41A1CE9B0EB00BFACC1 /* UZAppUtils.h */ = {isa = PBXFileReference; fileEncoding = 4; lastKnownFileType = sourcecode.c.h; path = UZAppUtils.h; sourceTree = "<group>"; };
		F763C41B1CE9B0EB00BFACC1 /* UZModule.h */ = {isa = PBXFileReference; fileEncoding = 4; lastKnownFileType = sourcecode.c.h; path = UZModule.h; sourceTree = "<group>"; };
		F763C41C1CE9B10400BFACC1 /* DZAppHandler.h */ = {isa = PBXFileReference; fileEncoding = 4; lastKnownFileType = sourcecode.c.h; path = DZAppHandler.h; sourceTree = "<group>"; };
		F763C41D1CE9B10400BFACC1 /* DZAppHandler.m */ = {isa = PBXFileReference; fileEncoding = 4; lastKnownFileType = sourcecode.c.objc; path = DZAppHandler.m; sourceTree = "<group>"; };
/* End PBXFileReference section */

/* Begin PBXFrameworksBuildPhase section */
		F763C4051CE9B02100BFACC1 /* Frameworks */ = {
			isa = PBXFrameworksBuildPhase;
			buildActionMask = 2147483647;
			files = (
			);
			runOnlyForDeploymentPostprocessing = 0;
		};
/* End PBXFrameworksBuildPhase section */

/* Begin PBXGroup section */
		F763C3FF1CE9B02100BFACC1 = {
			isa = PBXGroup;
			children = (
				F763C40A1CE9B02100BFACC1 /* DZiOSPush */,
				F763C4091CE9B02100BFACC1 /* Products */,
			);
			sourceTree = "<group>";
		};
		F763C4091CE9B02100BFACC1 /* Products */ = {
			isa = PBXGroup;
			children = (
				F763C4081CE9B02100BFACC1 /* libDZiOSPush.a */,
			);
			name = Products;
			sourceTree = "<group>";
		};
		F763C40A1CE9B02100BFACC1 /* DZiOSPush */ = {
			isa = PBXGroup;
			children = (
				F763C4171CE9B0EB00BFACC1 /* UZEngine */,
				F763C4141CE9B07E00BFACC1 /* DZiOSPush.h */,
				F763C4151CE9B07E00BFACC1 /* DZiOSPush.m */,
				F763C41C1CE9B10400BFACC1 /* DZAppHandler.h */,
				F763C41D1CE9B10400BFACC1 /* DZAppHandler.m */,
			);
			path = DZiOSPush;
			sourceTree = "<group>";
		};
		F763C4171CE9B0EB00BFACC1 /* UZEngine */ = {
			isa = PBXGroup;
			children = (
				F763C4181CE9B0EB00BFACC1 /* NSDictionaryUtils.h */,
				F763C4191CE9B0EB00BFACC1 /* UZAppDelegate.h */,
				F763C41A1CE9B0EB00BFACC1 /* UZAppUtils.h */,
				F763C41B1CE9B0EB00BFACC1 /* UZModule.h */,
			);
			path = UZEngine;
			sourceTree = "<group>";
		};
/* End PBXGroup section */

/* Begin PBXNativeTarget section */
		F763C4071CE9B02100BFACC1 /* DZiOSPush */ = {
			isa = PBXNativeTarget;
			buildConfigurationList = F763C4111CE9B02100BFACC1 /* Build configuration list for PBXNativeTarget "DZiOSPush" */;
			buildPhases = (
				F763C4041CE9B02100BFACC1 /* Sources */,
				F763C4051CE9B02100BFACC1 /* Frameworks */,
				F763C4061CE9B02100BFACC1 /* CopyFiles */,
			);
			buildRules = (
			);
			dependencies = (
			);
			name = DZiOSPush;
			productName = DZiOSPush;
			productReference = F763C4081CE9B02100BFACC1 /* libDZiOSPush.a */;
			productType = "com.apple.product-type.library.static";
		};
/* End PBXNativeTarget section */

/* Begin PBXProject section */
		F763C4001CE9B02100BFACC1 /* Project object */ = {
			isa = PBXProject;
			attributes = {
				LastUpgradeCheck = 0730;
				ORGANIZATIONNAME = aniu;
				TargetAttributes = {
					F763C4071CE9B02100BFACC1 = {
						CreatedOnToolsVersion = 7.3.1;
						DevelopmentTeam = 37CXZ774K9;
					};
				};
			};
			buildConfigurationList = F763C4031CE9B02100BFACC1 /* Build configuration list for PBXProject "DZiOSPush" */;
			compatibilityVersion = "Xcode 3.2";
			developmentRegion = English;
			hasScannedForEncodings = 0;
			knownRegions = (
				en,
			);
			mainGroup = F763C3FF1CE9B02100BFACC1;
			productRefGroup = F763C4091CE9B02100BFACC1 /* Products */;
			projectDirPath = "";
			projectRoot = "";
			targets = (
				F763C4071CE9B02100BFACC1 /* DZiOSPush */,
			);
		};
/* End PBXProject section */

/* Begin PBXSourcesBuildPhase section */
		F763C4041CE9B02100BFACC1 /* Sources */ = {
			isa = PBXSourcesBuildPhase;
			buildActionMask = 2147483647;
			files = (
				F763C41E1CE9B10400BFACC1 /* DZAppHandler.m in Sources */,
				F763C4161CE9B07E00BFACC1 /* DZiOSPush.m in Sources */,
			);
			runOnlyForDeploymentPostprocessing = 0;
		};
/* End PBXSourcesBuildPhase section */

/* Begin XCBuildConfiguration section */
		F763C40F1CE9B02100BFACC1 /* Debug */ = {
			isa = XCBuildConfiguration;
			buildSettings = {
				ALWAYS_SEARCH_USER_PATHS = NO;
				ARCHS = (
					"$(ARCHS_STANDARD)",
					armv7s,
				);
				CLANG_ANALYZER_NONNULL = YES;
				CLANG_CXX_LANGUAGE_STANDARD = "gnu++0x";
				CLANG_CXX_LIBRARY = "libc++";
				CLANG_ENABLE_MODULES = YES;
				CLANG_ENABLE_OBJC_ARC = YES;
				CLANG_WARN_BOOL_CONVERSION = YES;
				CLANG_WARN_CONSTANT_CONVERSION = YES;
				CLANG_WARN_DIRECT_OBJC_ISA_USAGE = YES_ERROR;
				CLANG_WARN_EMPTY_BODY = YES;
				CLANG_WARN_ENUM_CONVERSION = YES;
				CLANG_WARN_INT_CONVERSION = YES;
				CLANG_WARN_OBJC_ROOT_CLASS = YES_ERROR;
				CLANG_WARN_UNREACHABLE_CODE = YES;
				CLANG_WARN__DUPLICATE_METHOD_MATCH = YES;
				"CODE_SIGN_IDENTITY[sdk=iphoneos*]" = "iPhone Developer";
				COPY_PHASE_STRIP = NO;
				DEBUG_INFORMATION_FORMAT = dwarf;
				ENABLE_STRICT_OBJC_MSGSEND = YES;
				ENABLE_TESTABILITY = YES;
				GCC_C_LANGUAGE_STANDARD = gnu99;
				GCC_DYNAMIC_NO_PIC = NO;
				GCC_NO_COMMON_BLOCKS = YES;
				GCC_OPTIMIZATION_LEVEL = 0;
				GCC_PREPROCESSOR_DEFINITIONS = (
					"DEBUG=1",
					"$(inherited)",
				);
				GCC_WARN_64_TO_32_BIT_CONVERSION = YES;
				GCC_WARN_ABOUT_RETURN_TYPE = YES_ERROR;
				GCC_WARN_UNDECLARED_SELECTOR = YES;
				GCC_WARN_UNINITIALIZED_AUTOS = YES_AGGRESSIVE;
				GCC_WARN_UNUSED_FUNCTION = YES;
				GCC_WARN_UNUSED_VARIABLE = YES;
				IPHONEOS_DEPLOYMENT_TARGET = 5.0;
				MTL_ENABLE_DEBUG_INFO = YES;
				ONLY_ACTIVE_ARCH = NO;
				SDKROOT = iphoneos;
			};
			name = Debug;
		};
		F763C4101CE9B02100BFACC1 /* Release */ = {
			isa = XCBuildConfiguration;
			buildSettings = {
				ALWAYS_SEARCH_USER_PATHS = NO;
				ARCHS = (
					"$(ARCHS_STANDARD)",
					armv7s,
				);
				CLANG_ANALYZER_NONNULL = YES;
				CLANG_CXX_LANGUAGE_STANDARD = "gnu++0x";
				CLANG_CXX_LIBRARY = "libc++";
				CLANG_ENABLE_MODULES = YES;
				CLANG_ENABLE_OBJC_ARC = YES;
				CLANG_WARN_BOOL_CONVERSION = YES;
				CLANG_WARN_CONSTANT_CONVERSION = YES;
				CLANG_WARN_DIRECT_OBJC_ISA_USAGE = YES_ERROR;
				CLANG_WARN_EMPTY_BODY = YES;
				CLANG_WARN_ENUM_CONVERSION = YES;
				CLANG_WARN_INT_CONVERSION = YES;
				CLANG_WARN_OBJC_ROOT_CLASS = YES_ERROR;
				CLANG_WARN_UNREACHABLE_CODE = YES;
				CLANG_WARN__DUPLICATE_METHOD_MATCH = YES;
				"CODE_SIGN_IDENTITY[sdk=iphoneos*]" = "iPhone Developer";
				COPY_PHASE_STRIP = NO;
				DEBUG_INFORMATION_FORMAT = "dwarf-with-dsym";
				ENABLE_NS_ASSERTIONS = NO;
				ENABLE_STRICT_OBJC_MSGSEND = YES;
				GCC_C_LANGUAGE_STANDARD = gnu99;
				GCC_NO_COMMON_BLOCKS = YES;
				GCC_WARN_64_TO_32_BIT_CONVERSION = YES;
				GCC_WARN_ABOUT_RETURN_TYPE = YES_ERROR;
				GCC_WARN_UNDECLARED_SELECTOR = YES;
				GCC_WARN_UNINITIALIZED_AUTOS = YES_AGGRESSIVE;
				GCC_WARN_UNUSED_FUNCTION = YES;
				GCC_WARN_UNUSED_VARIABLE = YES;
				IPHONEOS_DEPLOYMENT_TARGET = 5.0;
				MTL_ENABLE_DEBUG_INFO = NO;
				ONLY_ACTIVE_ARCH = NO;
				SDKROOT = iphoneos;
				VALIDATE_PRODUCT = YES;
			};
			name = Release;
		};
		F763C4121CE9B02100BFACC1 /* Debug */ = {
			isa = XCBuildConfiguration;
			buildSettings = {
				OTHER_LDFLAGS = "-ObjC";
				PRODUCT_NAME = "$(TARGET_NAME)";
				SKIP_INSTALL = YES;
			};
			name = Debug;
		};
		F763C4131CE9B02100BFACC1 /* Release */ = {
			isa = XCBuildConfiguration;
			buildSettings = {
				OTHER_LDFLAGS = "-ObjC";
				PRODUCT_NAME = "$(TARGET_NAME)";
				SKIP_INSTALL = YES;
			};
			name = Release;
		};
/* End XCBuildConfiguration section */

/* Begin XCConfigurationList section */
		F763C4031CE9B02100BFACC1 /* Build configuration list for PBXProject "DZiOSPush" */ = {
			isa = XCConfigurationList;
			buildConfigurations = (
				F763C40F1CE9B02100BFACC1 /* Debug */,
				F763C4101CE9B02100BFACC1 /* Release */,
			);
			defaultConfigurationIsVisible = 0;
			defaultConfigurationName = Release;
		};
		F763C4111CE9B02100BFACC1 /* Build configuration list for PBXNativeTarget "DZiOSPush" */ = {
			isa = XCConfigurationList;
			buildConfigurations = (
				F763C4121CE9B02100BFACC1 /* Debug */,
				F763C4131CE9B02100BFACC1 /* Release */,
			);
			defaultConfigurationIsVisible = 0;
		};
/* End XCConfigurationList section */
	};
	rootObject = F763C4001CE9B02100BFACC1 /* Project object */;
}
